
Microsoft Visual Studio Solution File, Format Version 12.00
# Visual Studio Version 16
VisualStudioVersion = 16.0.29318.209
MinimumVisualStudioVersion = 10.0.40219.1
Project("{9A19103F-16F7-4668-BE54-9A1E7A4F7556}") = "DnsTools.Worker", "src\DnsTools.Worker\DnsTools.Worker.csproj", "{5C48ACF5-1DD2-4208-B99D-C885078BDB52}"
EndProject
Project("{FAE04EC0-301F-11D3-BF4B-00C04F79EFBC}") = "DnsTools.Web", "src\DnsTools.Web\DnsTools.Web.csproj", "{D1293237-462F-4189-A568-C107FD3942AA}"
EndProject
Global
	GlobalSection(SolutionConfigurationPlatforms) = preSolution
		Debug|Any CPU = Debug|Any CPU
		Release|Any CPU = Release|Any CPU
	EndGlobalSection
	GlobalSection(ProjectConfigurationPlatforms) = postSolution
		{5C48ACF5-1DD2-4208-B99D-C885078BDB52}.Debug|Any CPU.ActiveCfg = Debug|Any CPU
		{5C48ACF5-1DD2-4208-B99D-C885078BDB52}.Debug|Any CPU.Build.0 = Debug|Any CPU
		{5C48ACF5-1DD2-4208-B99D-C885078BDB52}.Release|Any CPU.ActiveCfg = Release|Any CPU
		{5C48ACF5-1DD2-4208-B99D-C885078BDB52}.Release|Any CPU.Build.0 = Release|Any CPU
		{D1293237-462F-4189-A568-C107FD3942AA}.Debug|Any CPU.ActiveCfg = Debug|Any CPU
		{D1293237-462F-4189-A568-C107FD3942AA}.Debug|Any CPU.Build.0 = Debug|Any CPU
		{D1293237-462F-4189-A568-C107FD3942AA}.Release|Any CPU.ActiveCfg = Release|Any CPU
		{D1293237-462F-4189-A568-C107FD3942AA}.Release|Any CPU.Build.0 = Release|Any CPU
	EndGlobalSection
	GlobalSection(SolutionProperties) = preSolution
		HideSolutionNode = FALSE
	EndGlobalSection
	GlobalSection(ExtensibilityGlobals) = postSolution
		SolutionGuid = {5F6A71A2-E4EF-4FBA-9861-107A50F760EA}
	EndGlobalSection
EndGlobal
