{
    "_readme": [
        "This file locks the dependencies of your project to a known state",
        "Read more about it at https://getcomposer.org/doc/01-basic-usage.md#installing-dependencies",
        "This file is @generated automatically"
    ],
    "content-hash": "76c179dfb0f3eef228f6dd83e8c02ea9",
    "packages": [
        {
            "name": "novutec/domainparser",
            "version": "2.0.9",
            "source": {
                "type": "git",
                "url": "https://github.com/3name/DomainParser.git",
                "reference": "b8b1e97b04749d3595408802d8cf7b77cbe2c7f9"
            },
            "dist": {
                "type": "zip",
                "url": "https://api.github.com/repos/3name/DomainParser/zipball/b8b1e97b04749d3595408802d8cf7b77cbe2c7f9",
                "reference": "b8b1e97b04749d3595408802d8cf7b77cbe2c7f9",
                "shasum": ""
            },
            "require": {
                "ext-pcre": "*",
                "php": ">=5.6.0"
            },
            "type": "library",
            "autoload": {
                "classmap": [
                    "Parser.php"
                ]
            },
            "notification-url": "https://packagist.org/downloads/",
            "license": [
                "Apache-2.0"
            ],
            "description": "A domain name parser to parse and to validate a domain name.",
            "homepage": "https://github.com/3name/DomainParser/",
            "keywords": [
                "domain",
                "domainparser",
                "php"
            ],
            "time": "2018-06-11T18:45:11+00:00"
        },
        {
            "name": "novutec/whoisparser",
            "version": "3.2.10",
            "source": {
                "type": "git",
                "url": "https://github.com/3name/WhoisParser.git",
                "reference": "eb88e932e8878ceea71bc00fcbf0104dcaa64788"
            },
            "dist": {
                "type": "zip",
                "url": "https://api.github.com/repos/3name/WhoisParser/zipball/eb88e932e8878ceea71bc00fcbf0104dcaa64788",
                "reference": "eb88e932e8878ceea71bc00fcbf0104dcaa64788",
                "shasum": ""
            },
            "require": {
                "novutec/domainparser": ">=2.0.3"
            },
            "type": "library",
            "autoload": {
                "psr-4": {
                    "Novutec\\WhoisParser\\": ""
                }
            },
            "notification-url": "https://packagist.org/downloads/",
            "license": [
                "Apache-2.0"
            ],
            "description": "Lookup domain names, IP addresses and AS numbers by WHOIS.",
            "homepage": "https://github.com/3name/WhoisParser/",
            "keywords": [
                "php",
                "whois",
                "whoisparser"
            ],
            "time": "2018-03-19T09:33:43+00:00"
        }
    ],
    "packages-dev": [],
    "aliases": [],
    "minimum-stability": "stable",
    "stability-flags": [],
    "prefer-stable": false,
    "prefer-lowest": false,
    "platform": [],
    "platform-dev": []
}
